{
  "originHash" : "aa2a57d607dcb4fa3d68a2a339226a3e107eca676a8e77958fdb7f92e2154758",
  "pins" : [
    {
      "identity" : "purchases-ios-spm",
      "kind" : "remoteSourceControl",
      "location" : "https://github.com/RevenueCat/purchases-ios-spm.git",
      "state" : {
        "revision" : "66f81c19e29170cecc1f155c62cd586cf53b8400",
        "version" : "5.67.1"
      }
    }
  ],
  "version" : 3
}
